
Microsoft Visual Studio Solution File, Format Version 12.00
# Visual Studio Version 17
VisualStudioVersion = 17.3.32929.385
MinimumVisualStudioVersion = 10.0.40219.1
Project("{9A19103F-16F7-4668-BE54-9A1E7A4F7556}") = "LibreriaVaxi", "LibreriaVaxi\LibreriaVaxi.csproj", "{9FD96C09-A474-4AF4-95B6-046349A30B4F}"
EndProject
Project("{9A19103F-16F7-4668-BE54-9A1E7A4F7556}") = "LibreriaVaxiMSTest", "LibreriaVaxiMSTest\LibreriaVaxiMSTest.csproj", "{B07A21C9-C3B5-45BA-A982-0FB1A4F40024}"
EndProject
Project("{FAE04EC0-301F-11D3-BF4B-00C04F79EFBC}") = "LibreriaVaxiNUnitTest", "LibreriaVaxiNUnitTest\LibreriaVaxiNUnitTest.csproj", "{016577EF-3717-49FE-A8BC-AFBBA8C087E5}"
EndProject
Global
	GlobalSection(SolutionConfigurationPlatforms) = preSolution
		Debug|Any CPU = Debug|Any CPU
		Release|Any CPU = Release|Any CPU
	EndGlobalSection
	GlobalSection(ProjectConfigurationPlatforms) = postSolution
		{9FD96C09-A474-4AF4-95B6-046349A30B4F}.Debug|Any CPU.ActiveCfg = Debug|Any CPU
		{9FD96C09-A474-4AF4-95B6-046349A30B4F}.Debug|Any CPU.Build.0 = Debug|Any CPU
		{9FD96C09-A474-4AF4-95B6-046349A30B4F}.Release|Any CPU.ActiveCfg = Release|Any CPU
		{9FD96C09-A474-4AF4-95B6-046349A30B4F}.Release|Any CPU.Build.0 = Release|Any CPU
		{B07A21C9-C3B5-45BA-A982-0FB1A4F40024}.Debug|Any CPU.ActiveCfg = Debug|Any CPU
		{B07A21C9-C3B5-45BA-A982-0FB1A4F40024}.Debug|Any CPU.Build.0 = Debug|Any CPU
		{B07A21C9-C3B5-45BA-A982-0FB1A4F40024}.Release|Any CPU.ActiveCfg = Release|Any CPU
		{B07A21C9-C3B5-45BA-A982-0FB1A4F40024}.Release|Any CPU.Build.0 = Release|Any CPU
		{016577EF-3717-49FE-A8BC-AFBBA8C087E5}.Debug|Any CPU.ActiveCfg = Debug|Any CPU
		{016577EF-3717-49FE-A8BC-AFBBA8C087E5}.Debug|Any CPU.Build.0 = Debug|Any CPU
		{016577EF-3717-49FE-A8BC-AFBBA8C087E5}.Release|Any CPU.ActiveCfg = Release|Any CPU
		{016577EF-3717-49FE-A8BC-AFBBA8C087E5}.Release|Any CPU.Build.0 = Release|Any CPU
	EndGlobalSection
	GlobalSection(SolutionProperties) = preSolution
		HideSolutionNode = FALSE
	EndGlobalSection
	GlobalSection(ExtensibilityGlobals) = postSolution
		SolutionGuid = {3E91CF0C-EDA5-4BE9-8979-DB6072D7FE69}
	EndGlobalSection
EndGlobal
